
Microsoft Visual Studio Solution File, Format Version 11.00
# Visual C# Express 2010
Project("{FAE04EC0-301F-11D3-BF4B-00C04F79EFBC}") = "AecialEngine", "MemoryScanner\AecialEngine.csproj", "{D46EDECD-F63D-419B-AC4D-0C418CF52F86}"
EndProject
Project("{FAE04EC0-301F-11D3-BF4B-00C04F79EFBC}") = "InputHook", "InputHook\InputHook.csproj", "{D6B0D046-7D2A-41C9-949D-59CDE947A5C7}"
EndProject
Global
	GlobalSection(SolutionConfigurationPlatforms) = preSolution
		Debug|Any CPU = Debug|Any CPU
		Debug|Mixed Platforms = Debug|Mixed Platforms
		Debug|x64 = Debug|x64
		Debug|x86 = Debug|x86
		Release|Any CPU = Release|Any CPU
		Release|Mixed Platforms = Release|Mixed Platforms
		Release|x64 = Release|x64
		Release|x86 = Release|x86
	EndGlobalSection
	GlobalSection(ProjectConfigurationPlatforms) = postSolution
		{D46EDECD-F63D-419B-AC4D-0C418CF52F86}.Debug|Any CPU.ActiveCfg = Debug|Any CPU
		{D46EDECD-F63D-419B-AC4D-0C418CF52F86}.Debug|Any CPU.Build.0 = Debug|Any CPU
		{D46EDECD-F63D-419B-AC4D-0C418CF52F86}.Debug|Mixed Platforms.ActiveCfg = Debug|x64
		{D46EDECD-F63D-419B-AC4D-0C418CF52F86}.Debug|Mixed Platforms.Build.0 = Debug|x64
		{D46EDECD-F63D-419B-AC4D-0C418CF52F86}.Debug|x64.ActiveCfg = Debug|x64
		{D46EDECD-F63D-419B-AC4D-0C418CF52F86}.Debug|x64.Build.0 = Debug|x64
		{D46EDECD-F63D-419B-AC4D-0C418CF52F86}.Debug|x86.ActiveCfg = Debug|x86
		{D46EDECD-F63D-419B-AC4D-0C418CF52F86}.Debug|x86.Build.0 = Debug|x86
		{D46EDECD-F63D-419B-AC4D-0C418CF52F86}.Release|Any CPU.ActiveCfg = Release|Any CPU
		{D46EDECD-F63D-419B-AC4D-0C418CF52F86}.Release|Any CPU.Build.0 = Release|Any CPU
		{D46EDECD-F63D-419B-AC4D-0C418CF52F86}.Release|Mixed Platforms.ActiveCfg = Release|x64
		{D46EDECD-F63D-419B-AC4D-0C418CF52F86}.Release|Mixed Platforms.Build.0 = Release|x64
		{D46EDECD-F63D-419B-AC4D-0C418CF52F86}.Release|x64.ActiveCfg = Release|x64
		{D46EDECD-F63D-419B-AC4D-0C418CF52F86}.Release|x64.Build.0 = Release|x64
		{D46EDECD-F63D-419B-AC4D-0C418CF52F86}.Release|x86.ActiveCfg = Release|x86
		{D46EDECD-F63D-419B-AC4D-0C418CF52F86}.Release|x86.Build.0 = Release|x86
		{D6B0D046-7D2A-41C9-949D-59CDE947A5C7}.Debug|Any CPU.ActiveCfg = Debug|Any CPU
		{D6B0D046-7D2A-41C9-949D-59CDE947A5C7}.Debug|Any CPU.Build.0 = Debug|Any CPU
		{D6B0D046-7D2A-41C9-949D-59CDE947A5C7}.Debug|Mixed Platforms.ActiveCfg = Debug|Any CPU
		{D6B0D046-7D2A-41C9-949D-59CDE947A5C7}.Debug|Mixed Platforms.Build.0 = Debug|Any CPU
		{D6B0D046-7D2A-41C9-949D-59CDE947A5C7}.Debug|x64.ActiveCfg = Debug|Any CPU
		{D6B0D046-7D2A-41C9-949D-59CDE947A5C7}.Debug|x86.ActiveCfg = Debug|Any CPU
		{D6B0D046-7D2A-41C9-949D-59CDE947A5C7}.Release|Any CPU.ActiveCfg = Release|Any CPU
		{D6B0D046-7D2A-41C9-949D-59CDE947A5C7}.Release|Any CPU.Build.0 = Release|Any CPU
		{D6B0D046-7D2A-41C9-949D-59CDE947A5C7}.Release|Mixed Platforms.ActiveCfg = Release|Any CPU
		{D6B0D046-7D2A-41C9-949D-59CDE947A5C7}.Release|Mixed Platforms.Build.0 = Release|Any CPU
		{D6B0D046-7D2A-41C9-949D-59CDE947A5C7}.Release|x64.ActiveCfg = Release|Any CPU
		{D6B0D046-7D2A-41C9-949D-59CDE947A5C7}.Release|x86.ActiveCfg = Release|Any CPU
	EndGlobalSection
	GlobalSection(SolutionProperties) = preSolution
		HideSolutionNode = FALSE
	EndGlobalSection
EndGlobal
